// !$*UTF8*$!
{
	archiveVersion = 1;
	classes = {
	};
	objectVersion = 77;
	objects = {

/* Begin PBXBuildFile section */
		BB226E682D8BCC3D008DF30F /* SDWebImage in Frameworks */ = {isa = PBXBuildFile; productRef = BB226E672D8BCC3D008DF30F /* SDWebImage */; };
/* End PBXBuildFile section */

/* Begin PBXContainerItemProxy section */
		BBFA214C2D83F69A00AB33CB /* PBXContainerItemProxy */ = {
			isa = PBXContainerItemProxy;
			containerPortal = BBFA212A2D83F69800AB33CB /* Project object */;
			proxyType = 1;
			remoteGlobalIDString = BBFA21312D83F69800AB33CB;
			remoteInfo = "otakuSearch-iOS";
		};
		BBFA21562D83F69A00AB33CB /* PBXContainerItemProxy */ = {
			isa = PBXContainerItemProxy;
			containerPortal = BBFA212A2D83F69800AB33CB /* Project object */;
			proxyType = 1;
			remoteGlobalIDString = BBFA21312D83F69800AB33CB;
			remoteInfo = "otakuSearch-iOS";
		};
/* End PBXContainerItemProxy section */

/* Begin PBXFileReference section */
		BBFA21322D83F69800AB33CB /* otakuSearch-iOS.app */ = {isa = PBXFileReference; explicitFileType = wrapper.application; includeInIndex = 0; path = "otakuSearch-iOS.app"; sourceTree = BUILT_PRODUCTS_DIR; };
		BBFA214B2D83F69A00AB33CB /* otakuSearch-iOSTests.xctest */ = {isa = PBXFileReference; explicitFileType = wrapper.cfbundle; includeInIndex = 0; path = "otakuSearch-iOSTests.xctest"; sourceTree = BUILT_PRODUCTS_DIR; };
		BBFA21552D83F69A00AB33CB /* otakuSearch-iOSUITests.xctest */ = {isa = PBXFileReference; explicitFileType = wrapper.cfbundle; includeInIndex = 0; path = "otakuSearch-iOSUITests.xctest"; sourceTree = BUILT_PRODUCTS_DIR; };
/* End PBXFileReference section */

/* Begin PBXFileSystemSynchronizedBuildFileExceptionSet section */
		BBFA215D2D83F69A00AB33CB /* Exceptions for "otakuSearch-iOS" folder in "otakuSearch-iOS" target */ = {
			isa = PBXFileSystemSynchronizedBuildFileExceptionSet;
			membershipExceptions = (
				Info.plist,
			);
			target = BBFA21312D83F69800AB33CB /* otakuSearch-iOS */;
		};
/* End PBXFileSystemSynchronizedBuildFileExceptionSet section */

/* Begin PBXFileSystemSynchronizedRootGroup section */
		BBFA21342D83F69800AB33CB /* otakuSearch-iOS */ = {
			isa = PBXFileSystemSynchronizedRootGroup;
			exceptions = (
				BBFA215D2D83F69A00AB33CB /* Exceptions for "otakuSearch-iOS" folder in "otakuSearch-iOS" target */,
			);
			path = "otakuSearch-iOS";
			sourceTree = "<group>";
		};
		BBFA214E2D83F69A00AB33CB /* otakuSearch-iOSTests */ = {
			isa = PBXFileSystemSynchronizedRootGroup;
			path = "otakuSearch-iOSTests";
			sourceTree = "<group>";
		};
		BBFA21582D83F69A00AB33CB /* otakuSearch-iOSUITests */ = {
			isa = PBXFileSystemSynchronizedRootGroup;
			path = "otakuSearch-iOSUITests";
			sourceTree = "<group>";
		};
/* End PBXFileSystemSynchronizedRootGroup section */

/* Begin PBXFrameworksBuildPhase section */
		BBFA212F2D83F69800AB33CB /* Frameworks */ = {
			isa = PBXFrameworksBuildPhase;
			buildActionMask = 2147483647;
			files = (
				BB226E682D8BCC3D008DF30F /* SDWebImage in Frameworks */,
			);
			runOnlyForDeploymentPostprocessing = 0;
		};
		BBFA21482D83F69A00AB33CB /* Frameworks */ = {
			isa = PBXFrameworksBuildPhase;
			buildActionMask = 2147483647;
			files = (
			);
			runOnlyForDeploymentPostprocessing = 0;
		};
		BBFA21522D83F69A00AB33CB /* Frameworks */ = {
			isa = PBXFrameworksBuildPhase;
			buildActionMask = 2147483647;
			files = (
			);
			runOnlyForDeploymentPostprocessing = 0;
		};
/* End PBXFrameworksBuildPhase section */

/* Begin PBXGroup section */
		BBFA21292D83F69800AB33CB = {
			isa = PBXGroup;
			children = (
				BBFA21342D83F69800AB33CB /* otakuSearch-iOS */,
				BBFA214E2D83F69A00AB33CB /* otakuSearch-iOSTests */,
				BBFA21582D83F69A00AB33CB /* otakuSearch-iOSUITests */,
				BBFA21332D83F69800AB33CB /* Products */,
			);
			sourceTree = "<group>";
		};
		BBFA21332D83F69800AB33CB /* Products */ = {
			isa = PBXGroup;
			children = (
				BBFA21322D83F69800AB33CB /* otakuSearch-iOS.app */,
				BBFA214B2D83F69A00AB33CB /* otakuSearch-iOSTests.xctest */,
				BBFA21552D83F69A00AB33CB /* otakuSearch-iOSUITests.xctest */,
			);
			name = Products;
			sourceTree = "<group>";
		};
/* End PBXGroup section */

/* Begin PBXNativeTarget section */
		BBFA21312D83F69800AB33CB /* otakuSearch-iOS */ = {
			isa = PBXNativeTarget;
			buildConfigurationList = BBFA215E2D83F69A00AB33CB /* Build configuration list for PBXNativeTarget "otakuSearch-iOS" */;
			buildPhases = (
				BBFA212E2D83F69800AB33CB /* Sources */,
				BBFA212F2D83F69800AB33CB /* Frameworks */,
				BBFA21302D83F69800AB33CB /* Resources */,
			);
			buildRules = (
			);
			dependencies = (
			);
			fileSystemSynchronizedGroups = (
				BBFA21342D83F69800AB33CB /* otakuSearch-iOS */,
			);
			name = "otakuSearch-iOS";
			packageProductDependencies = (
				BB226E672D8BCC3D008DF30F /* SDWebImage */,
			);
			productName = "otakuSearch-iOS";
			productReference = BBFA21322D83F69800AB33CB /* otakuSearch-iOS.app */;
			productType = "com.apple.product-type.application";
		};
		BBFA214A2D83F69A00AB33CB /* otakuSearch-iOSTests */ = {
			isa = PBXNativeTarget;
			buildConfigurationList = BBFA21632D83F69A00AB33CB /* Build configuration list for PBXNativeTarget "otakuSearch-iOSTests" */;
			buildPhases = (
				BBFA21472D83F69A00AB33CB /* Sources */,
				BBFA21482D83F69A00AB33CB /* Frameworks */,
				BBFA21492D83F69A00AB33CB /* Resources */,
			);
			buildRules = (
			);
			dependencies = (
				BBFA214D2D83F69A00AB33CB /* PBXTargetDependency */,
			);
			fileSystemSynchronizedGroups = (
				BBFA214E2D83F69A00AB33CB /* otakuSearch-iOSTests */,
			);
			name = "otakuSearch-iOSTests";
			packageProductDependencies = (
			);
			productName = "otakuSearch-iOSTests";
			productReference = BBFA214B2D83F69A00AB33CB /* otakuSearch-iOSTests.xctest */;
			productType = "com.apple.product-type.bundle.unit-test";
		};
		BBFA21542D83F69A00AB33CB /* otakuSearch-iOSUITests */ = {
			isa = PBXNativeTarget;
			buildConfigurationList = BBFA21662D83F69A00AB33CB /* Build configuration list for PBXNativeTarget "otakuSearch-iOSUITests" */;
			buildPhases = (
				BBFA21512D83F69A00AB33CB /* Sources */,
				BBFA21522D83F69A00AB33CB /* Frameworks */,
				BBFA21532D83F69A00AB33CB /* Resources */,
			);
			buildRules = (
			);
			dependencies = (
				BBFA21572D83F69A00AB33CB /* PBXTargetDependency */,
			);
			fileSystemSynchronizedGroups = (
				BBFA21582D83F69A00AB33CB /* otakuSearch-iOSUITests */,
			);
			name = "otakuSearch-iOSUITests";
			packageProductDependencies = (
			);
			productName = "otakuSearch-iOSUITests";
			productReference = BBFA21552D83F69A00AB33CB /* otakuSearch-iOSUITests.xctest */;
			productType = "com.apple.product-type.bundle.ui-testing";
		};
/* End PBXNativeTarget section */

/* Begin PBXProject section */
		BBFA212A2D83F69800AB33CB /* Project object */ = {
			isa = PBXProject;
			attributes = {
				BuildIndependentTargetsInParallel = 1;
				LastSwiftUpdateCheck = 1610;
				LastUpgradeCheck = 1610;
				TargetAttributes = {
					BBFA21312D83F69800AB33CB = {
						CreatedOnToolsVersion = 16.1;
					};
					BBFA214A2D83F69A00AB33CB = {
						CreatedOnToolsVersion = 16.1;
						TestTargetID = BBFA21312D83F69800AB33CB;
					};
					BBFA21542D83F69A00AB33CB = {
						CreatedOnToolsVersion = 16.1;
						TestTargetID = BBFA21312D83F69800AB33CB;
					};
				};
			};
			buildConfigurationList = BBFA212D2D83F69800AB33CB /* Build configuration list for PBXProject "otakuSearch-iOS" */;
			developmentRegion = en;
			hasScannedForEncodings = 0;
			knownRegions = (
				en,
				Base,
			);
			mainGroup = BBFA21292D83F69800AB33CB;
			minimizedProjectReferenceProxies = 1;
			packageReferences = (
				BB226E662D8BCC3D008DF30F /* XCRemoteSwiftPackageReference "SDWebImage" */,
			);
			preferredProjectObjectVersion = 77;
			productRefGroup = BBFA21332D83F69800AB33CB /* Products */;
			projectDirPath = "";
			projectRoot = "";
			targets = (
				BBFA21312D83F69800AB33CB /* otakuSearch-iOS */,
				BBFA214A2D83F69A00AB33CB /* otakuSearch-iOSTests */,
				BBFA21542D83F69A00AB33CB /* otakuSearch-iOSUITests */,
			);
		};
/* End PBXProject section */

/* Begin PBXResourcesBuildPhase section */
		BBFA21302D83F69800AB33CB /* Resources */ = {
			isa = PBXResourcesBuildPhase;
			buildActionMask = 2147483647;
			files = (
			);
			runOnlyForDeploymentPostprocessing = 0;
		};
		BBFA21492D83F69A00AB33CB /* Resources */ = {
			isa = PBXResourcesBuildPhase;
			buildActionMask = 2147483647;
			files = (
			);
			runOnlyForDeploymentPostprocessing = 0;
		};
		BBFA21532D83F69A00AB33CB /* Resources */ = {
			isa = PBXResourcesBuildPhase;
			buildActionMask = 2147483647;
			files = (
			);
			runOnlyForDeploymentPostprocessing = 0;
		};
/* End PBXResourcesBuildPhase section */

/* Begin PBXSourcesBuildPhase section */
		BBFA212E2D83F69800AB33CB /* Sources */ = {
			isa = PBXSourcesBuildPhase;
			buildActionMask = 2147483647;
			files = (
			);
			runOnlyForDeploymentPostprocessing = 0;
		};
		BBFA21472D83F69A00AB33CB /* Sources */ = {
			isa = PBXSourcesBuildPhase;
			buildActionMask = 2147483647;
			files = (
			);
			runOnlyForDeploymentPostprocessing = 0;
		};
		BBFA21512D83F69A00AB33CB /* Sources */ = {
			isa = PBXSourcesBuildPhase;
			buildActionMask = 2147483647;
			files = (
			);
			runOnlyForDeploymentPostprocessing = 0;
		};
/* End PBXSourcesBuildPhase section */

/* Begin PBXTargetDependency section */
		BBFA214D2D83F69A00AB33CB /* PBXTargetDependency */ = {
			isa = PBXTargetDependency;
			target = BBFA21312D83F69800AB33CB /* otakuSearch-iOS */;
			targetProxy = BBFA214C2D83F69A00AB33CB /* PBXContainerItemProxy */;
		};
		BBFA21572D83F69A00AB33CB /* PBXTargetDependency */ = {
			isa = PBXTargetDependency;
			target = BBFA21312D83F69800AB33CB /* otakuSearch-iOS */;
			targetProxy = BBFA21562D83F69A00AB33CB /* PBXContainerItemProxy */;
		};
/* End PBXTargetDependency section */

/* Begin XCBuildConfiguration section */
		BBFA215F2D83F69A00AB33CB /* Debug */ = {
			isa = XCBuildConfiguration;
			buildSettings = {
				ASSETCATALOG_COMPILER_APPICON_NAME = AppIcon;
				ASSETCATALOG_COMPILER_GLOBAL_ACCENT_COLOR_NAME = AccentColor;
				CODE_SIGN_STYLE = Automatic;
				CURRENT_PROJECT_VERSION = 1;
				DEVELOPMENT_TEAM = 6K937G5SQL;
				GENERATE_INFOPLIST_FILE = YES;
				INFOPLIST_FILE = "otakuSearch-iOS/Info.plist";
				INFOPLIST_KEY_UIApplicationSupportsIndirectInputEvents = YES;
				INFOPLIST_KEY_UILaunchStoryboardName = LaunchScreen;
				INFOPLIST_KEY_UIMainStoryboardFile = Main;
				INFOPLIST_KEY_UISupportedInterfaceOrientations_iPad = "UIInterfaceOrientationPortrait UIInterfaceOrientationPortraitUpsideDown UIInterfaceOrientationLandscapeLeft UIInterfaceOrientationLandscapeRight";
				LD_RUNPATH_SEARCH_PATHS = (
					"$(inherited)",
					"@executable_path/Frameworks",
				);
				MARKETING_VERSION = 1.0;
				PRODUCT_BUNDLE_IDENTIFIER = "Andrew-Nguyen.otakuSearch-iOS";
				PRODUCT_NAME = "$(TARGET_NAME)";
				SWIFT_EMIT_LOC_STRINGS = YES;
				SWIFT_VERSION = 5.0;
				TARGETED_DEVICE_FAMILY = "1,2";
			};
			name = Debug;
		};
		BBFA21602D83F69A00AB33CB /* Release */ = {
			isa = XCBuildConfiguration;
			buildSettings = {
				ASSETCATALOG_COMPILER_APPICON_NAME = AppIcon;
				ASSETCATALOG_COMPILER_GLOBAL_ACCENT_COLOR_NAME = AccentColor;
				CODE_SIGN_STYLE = Automatic;
				CURRENT_PROJECT_VERSION = 1;
				DEVELOPMENT_TEAM = 6K937G5SQL;
				GENERATE_INFOPLIST_FILE = YES;
				INFOPLIST_FILE = "otakuSearch-iOS/Info.plist";
				INFOPLIST_KEY_UIApplicationSupportsIndirectInputEvents = YES;
				INFOPLIST_KEY_UILaunchStoryboardName = LaunchScreen;
				INFOPLIST_KEY_UIMainStoryboardFile = Main;
				INFOPLIST_KEY_UISupportedInterfaceOrientations_iPad = "UIInterfaceOrientationPortrait UIInterfaceOrientationPortraitUpsideDown UIInterfaceOrientationLandscapeLeft UIInterfaceOrientationLandscapeRight";
				LD_RUNPATH_SEARCH_PATHS = (
					"$(inherited)",
					"@executable_path/Frameworks",
				);
				MARKETING_VERSION = 1.0;
				PRODUCT_BUNDLE_IDENTIFIER = "Andrew-Nguyen.otakuSearch-iOS";
				PRODUCT_NAME = "$(TARGET_NAME)";
				SWIFT_EMIT_LOC_STRINGS = YES;
				SWIFT_VERSION = 5.0;
				TARGETED_DEVICE_FAMILY = "1,2";
			};
			name = Release;
		};
		BBFA21612D83F69A00AB33CB /* Debug */ = {
			isa = XCBuildConfiguration;
			buildSettings = {
				ALWAYS_SEARCH_USER_PATHS = NO;
				ASSETCATALOG_COMPILER_GENERATE_SWIFT_ASSET_SYMBOL_EXTENSIONS = YES;
				CLANG_ANALYZER_NONNULL = YES;
				CLANG_ANALYZER_NUMBER_OBJECT_CONVERSION = YES_AGGRESSIVE;
				CLANG_CXX_LANGUAGE_STANDARD = "gnu++20";
				CLANG_ENABLE_MODULES = YES;
				CLANG_ENABLE_OBJC_ARC = YES;
				CLANG_ENABLE_OBJC_WEAK = YES;
				CLANG_WARN_BLOCK_CAPTURE_AUTORELEASING = YES;
				CLANG_WARN_BOOL_CONVERSION = YES;
				CLANG_WARN_COMMA = YES;
				CLANG_WARN_CONSTANT_CONVERSION = YES;
				CLANG_WARN_DEPRECATED_OBJC_IMPLEMENTATIONS = YES;
				CLANG_WARN_DIRECT_OBJC_ISA_USAGE = YES_ERROR;
				CLANG_WARN_DOCUMENTATION_COMMENTS = YES;
				CLANG_WARN_EMPTY_BODY = YES;
				CLANG_WARN_ENUM_CONVERSION = YES;
				CLANG_WARN_INFINITE_RECURSION = YES;
				CLANG_WARN_INT_CONVERSION = YES;
				CLANG_WARN_NON_LITERAL_NULL_CONVERSION = YES;
				CLANG_WARN_OBJC_IMPLICIT_RETAIN_SELF = YES;
				CLANG_WARN_OBJC_LITERAL_CONVERSION = YES;
				CLANG_WARN_OBJC_ROOT_CLASS = YES_ERROR;
				CLANG_WARN_QUOTED_INCLUDE_IN_FRAMEWORK_HEADER = YES;
				CLANG_WARN_RANGE_LOOP_ANALYSIS = YES;
				CLANG_WARN_STRICT_PROTOTYPES = YES;
				CLANG_WARN_SUSPICIOUS_MOVE = YES;
				CLANG_WARN_UNGUARDED_AVAILABILITY = YES_AGGRESSIVE;
				CLANG_WARN_UNREACHABLE_CODE = YES;
				CLANG_WARN__DUPLICATE_METHOD_MATCH = YES;
				COPY_PHASE_STRIP = NO;
				DEBUG_INFORMATION_FORMAT = dwarf;
				ENABLE_STRICT_OBJC_MSGSEND = YES;
				ENABLE_TESTABILITY = YES;
				ENABLE_USER_SCRIPT_SANDBOXING = YES;
				GCC_C_LANGUAGE_STANDARD = gnu17;
				GCC_DYNAMIC_NO_PIC = NO;
				GCC_NO_COMMON_BLOCKS = YES;
				GCC_OPTIMIZATION_LEVEL = 0;
				GCC_PREPROCESSOR_DEFINITIONS = (
					"DEBUG=1",
					"$(inherited)",
				);
				GCC_WARN_64_TO_32_BIT_CONVERSION = YES;
				GCC_WARN_ABOUT_RETURN_TYPE = YES_ERROR;
				GCC_WARN_UNDECLARED_SELECTOR = YES;
				GCC_WARN_UNINITIALIZED_AUTOS = YES_AGGRESSIVE;
				GCC_WARN_UNUSED_FUNCTION = YES;
				GCC_WARN_UNUSED_VARIABLE = YES;
				IPHONEOS_DEPLOYMENT_TARGET = 18.1;
				LOCALIZATION_PREFERS_STRING_CATALOGS = YES;
				MTL_ENABLE_DEBUG_INFO = INCLUDE_SOURCE;
				MTL_FAST_MATH = YES;
				ONLY_ACTIVE_ARCH = YES;
				SDKROOT = iphoneos;
				SWIFT_ACTIVE_COMPILATION_CONDITIONS = "DEBUG $(inherited)";
				SWIFT_OPTIMIZATION_LEVEL = "-Onone";
			};
			name = Debug;
		};
		BBFA21622D83F69A00AB33CB /* Release */ = {
			isa = XCBuildConfiguration;
			buildSettings = {
				ALWAYS_SEARCH_USER_PATHS = NO;
				ASSETCATALOG_COMPILER_GENERATE_SWIFT_ASSET_SYMBOL_EXTENSIONS = YES;
				CLANG_ANALYZER_NONNULL = YES;
				CLANG_ANALYZER_NUMBER_OBJECT_CONVERSION = YES_AGGRESSIVE;
				CLANG_CXX_LANGUAGE_STANDARD = "gnu++20";
				CLANG_ENABLE_MODULES = YES;
				CLANG_ENABLE_OBJC_ARC = YES;
				CLANG_ENABLE_OBJC_WEAK = YES;
				CLANG_WARN_BLOCK_CAPTURE_AUTORELEASING = YES;
				CLANG_WARN_BOOL_CONVERSION = YES;
				CLANG_WARN_COMMA = YES;
				CLANG_WARN_CONSTANT_CONVERSION = YES;
				CLANG_WARN_DEPRECATED_OBJC_IMPLEMENTATIONS = YES;
				CLANG_WARN_DIRECT_OBJC_ISA_USAGE = YES_ERROR;
				CLANG_WARN_DOCUMENTATION_COMMENTS = YES;
				CLANG_WARN_EMPTY_BODY = YES;
				CLANG_WARN_ENUM_CONVERSION = YES;
				CLANG_WARN_INFINITE_RECURSION = YES;
				CLANG_WARN_INT_CONVERSION = YES;
				CLANG_WARN_NON_LITERAL_NULL_CONVERSION = YES;
				CLANG_WARN_OBJC_IMPLICIT_RETAIN_SELF = YES;
				CLANG_WARN_OBJC_LITERAL_CONVERSION = YES;
				CLANG_WARN_OBJC_ROOT_CLASS = YES_ERROR;
				CLANG_WARN_QUOTED_INCLUDE_IN_FRAMEWORK_HEADER = YES;
				CLANG_WARN_RANGE_LOOP_ANALYSIS = YES;
				CLANG_WARN_STRICT_PROTOTYPES = YES;
				CLANG_WARN_SUSPICIOUS_MOVE = YES;
				CLANG_WARN_UNGUARDED_AVAILABILITY = YES_AGGRESSIVE;
				CLANG_WARN_UNREACHABLE_CODE = YES;
				CLANG_WARN__DUPLICATE_METHOD_MATCH = YES;
				COPY_PHASE_STRIP = NO;
				DEBUG_INFORMATION_FORMAT = "dwarf-with-dsym";
				ENABLE_NS_ASSERTIONS = NO;
				ENABLE_STRICT_OBJC_MSGSEND = YES;
				ENABLE_USER_SCRIPT_SANDBOXING = YES;
				GCC_C_LANGUAGE_STANDARD = gnu17;
				GCC_NO_COMMON_BLOCKS = YES;
				GCC_WARN_64_TO_32_BIT_CONVERSION = YES;
				GCC_WARN_ABOUT_RETURN_TYPE = YES_ERROR;
				GCC_WARN_UNDECLARED_SELECTOR = YES;
				GCC_WARN_UNINITIALIZED_AUTOS = YES_AGGRESSIVE;
				GCC_WARN_UNUSED_FUNCTION = YES;
				GCC_WARN_UNUSED_VARIABLE = YES;
				IPHONEOS_DEPLOYMENT_TARGET = 18.1;
				LOCALIZATION_PREFERS_STRING_CATALOGS = YES;
				MTL_ENABLE_DEBUG_INFO = NO;
				MTL_FAST_MATH = YES;
				SDKROOT = iphoneos;
				SWIFT_COMPILATION_MODE = wholemodule;
				VALIDATE_PRODUCT = YES;
			};
			name = Release;
		};
		BBFA21642D83F69A00AB33CB /* Debug */ = {
			isa = XCBuildConfiguration;
			buildSettings = {
				BUNDLE_LOADER = "$(TEST_HOST)";
				CODE_SIGN_STYLE = Automatic;
				CURRENT_PROJECT_VERSION = 1;
				DEVELOPMENT_TEAM = 6K937G5SQL;
				GENERATE_INFOPLIST_FILE = YES;
				IPHONEOS_DEPLOYMENT_TARGET = 18.1;
				MARKETING_VERSION = 1.0;
				PRODUCT_BUNDLE_IDENTIFIER = "Andrew-Nguyen.otakuSearch-iOSTests";
				PRODUCT_NAME = "$(TARGET_NAME)";
				SWIFT_EMIT_LOC_STRINGS = NO;
				SWIFT_VERSION = 5.0;
				TARGETED_DEVICE_FAMILY = "1,2";
				TEST_HOST = "$(BUILT_PRODUCTS_DIR)/otakuSearch-iOS.app/$(BUNDLE_EXECUTABLE_FOLDER_PATH)/otakuSearch-iOS";
			};
			name = Debug;
		};
		BBFA21652D83F69A00AB33CB /* Release */ = {
			isa = XCBuildConfiguration;
			buildSettings = {
				BUNDLE_LOADER = "$(TEST_HOST)";
				CODE_SIGN_STYLE = Automatic;
				CURRENT_PROJECT_VERSION = 1;
				DEVELOPMENT_TEAM = 6K937G5SQL;
				GENERATE_INFOPLIST_FILE = YES;
				IPHONEOS_DEPLOYMENT_TARGET = 18.1;
				MARKETING_VERSION = 1.0;
				PRODUCT_BUNDLE_IDENTIFIER = "Andrew-Nguyen.otakuSearch-iOSTests";
				PRODUCT_NAME = "$(TARGET_NAME)";
				SWIFT_EMIT_LOC_STRINGS = NO;
				SWIFT_VERSION = 5.0;
				TARGETED_DEVICE_FAMILY = "1,2";
				TEST_HOST = "$(BUILT_PRODUCTS_DIR)/otakuSearch-iOS.app/$(BUNDLE_EXECUTABLE_FOLDER_PATH)/otakuSearch-iOS";
			};
			name = Release;
		};
		BBFA21672D83F69A00AB33CB /* Debug */ = {
			isa = XCBuildConfiguration;
			buildSettings = {
				CODE_SIGN_STYLE = Automatic;
				CURRENT_PROJECT_VERSION = 1;
				DEVELOPMENT_TEAM = 6K937G5SQL;
				GENERATE_INFOPLIST_FILE = YES;
				MARKETING_VERSION = 1.0;
				PRODUCT_BUNDLE_IDENTIFIER = "Andrew-Nguyen.otakuSearch-iOSUITests";
				PRODUCT_NAME = "$(TARGET_NAME)";
				SWIFT_EMIT_LOC_STRINGS = NO;
				SWIFT_VERSION = 5.0;
				TARGETED_DEVICE_FAMILY = "1,2";
				TEST_TARGET_NAME = "otakuSearch-iOS";
			};
			name = Debug;
		};
		BBFA21682D83F69A00AB33CB /* Release */ = {
			isa = XCBuildConfiguration;
			buildSettings = {
				CODE_SIGN_STYLE = Automatic;
				CURRENT_PROJECT_VERSION = 1;
				DEVELOPMENT_TEAM = 6K937G5SQL;
				GENERATE_INFOPLIST_FILE = YES;
				MARKETING_VERSION = 1.0;
				PRODUCT_BUNDLE_IDENTIFIER = "Andrew-Nguyen.otakuSearch-iOSUITests";
				PRODUCT_NAME = "$(TARGET_NAME)";
				SWIFT_EMIT_LOC_STRINGS = NO;
				SWIFT_VERSION = 5.0;
				TARGETED_DEVICE_FAMILY = "1,2";
				TEST_TARGET_NAME = "otakuSearch-iOS";
			};
			name = Release;
		};
/* End XCBuildConfiguration section */

/* Begin XCConfigurationList section */
		BBFA212D2D83F69800AB33CB /* Build configuration list for PBXProject "otakuSearch-iOS" */ = {
			isa = XCConfigurationList;
			buildConfigurations = (
				BBFA21612D83F69A00AB33CB /* Debug */,
				BBFA21622D83F69A00AB33CB /* Release */,
			);
			defaultConfigurationIsVisible = 0;
			defaultConfigurationName = Release;
		};
		BBFA215E2D83F69A00AB33CB /* Build configuration list for PBXNativeTarget "otakuSearch-iOS" */ = {
			isa = XCConfigurationList;
			buildConfigurations = (
				BBFA215F2D83F69A00AB33CB /* Debug */,
				BBFA21602D83F69A00AB33CB /* Release */,
			);
			defaultConfigurationIsVisible = 0;
			defaultConfigurationName = Release;
		};
		BBFA21632D83F69A00AB33CB /* Build configuration list for PBXNativeTarget "otakuSearch-iOSTests" */ = {
			isa = XCConfigurationList;
			buildConfigurations = (
				BBFA21642D83F69A00AB33CB /* Debug */,
				BBFA21652D83F69A00AB33CB /* Release */,
			);
			defaultConfigurationIsVisible = 0;
			defaultConfigurationName = Release;
		};
		BBFA21662D83F69A00AB33CB /* Build configuration list for PBXNativeTarget "otakuSearch-iOSUITests" */ = {
			isa = XCConfigurationList;
			buildConfigurations = (
				BBFA21672D83F69A00AB33CB /* Debug */,
				BBFA21682D83F69A00AB33CB /* Release */,
			);
			defaultConfigurationIsVisible = 0;
			defaultConfigurationName = Release;
		};
/* End XCConfigurationList section */

/* Begin XCRemoteSwiftPackageReference section */
		BB226E662D8BCC3D008DF30F /* XCRemoteSwiftPackageReference "SDWebImage" */ = {
			isa = XCRemoteSwiftPackageReference;
			repositoryURL = "https://github.com/SDWebImage/SDWebImage";
			requirement = {
				kind = upToNextMajorVersion;
				minimumVersion = 5.21.0;
			};
		};
/* End XCRemoteSwiftPackageReference section */

/* Begin XCSwiftPackageProductDependency section */
		BB226E672D8BCC3D008DF30F /* SDWebImage */ = {
			isa = XCSwiftPackageProductDependency;
			package = BB226E662D8BCC3D008DF30F /* XCRemoteSwiftPackageReference "SDWebImage" */;
			productName = SDWebImage;
		};
/* End XCSwiftPackageProductDependency section */
	};
	rootObject = BBFA212A2D83F69800AB33CB /* Project object */;
}
